
Microsoft Visual Studio Solution File, Format Version 12.00
# Visual Studio Version 16
VisualStudioVersion = 16.0.31702.278
MinimumVisualStudioVersion = 10.0.40219.1
Project("{FAE04EC0-301F-11D3-BF4B-00C04F79EFBC}") = "UchebnayaPraktika", "UchebnayaPraktika\UchebnayaPraktika.csproj", "{D1D3B2CD-658D-4CD4-9AAE-DD9361A2A986}"
EndProject
Global
	GlobalSection(SolutionConfigurationPlatforms) = preSolution
		Debug|Any CPU = Debug|Any CPU
		Release|Any CPU = Release|Any CPU
	EndGlobalSection
	GlobalSection(ProjectConfigurationPlatforms) = postSolution
		{D1D3B2CD-658D-4CD4-9AAE-DD9361A2A986}.Debug|Any CPU.ActiveCfg = Debug|Any CPU
		{D1D3B2CD-658D-4CD4-9AAE-DD9361A2A986}.Debug|Any CPU.Build.0 = Debug|Any CPU
		{D1D3B2CD-658D-4CD4-9AAE-DD9361A2A986}.Release|Any CPU.ActiveCfg = Release|Any CPU
		{D1D3B2CD-658D-4CD4-9AAE-DD9361A2A986}.Release|Any CPU.Build.0 = Release|Any CPU
	EndGlobalSection
	GlobalSection(SolutionProperties) = preSolution
		HideSolutionNode = FALSE
	EndGlobalSection
	GlobalSection(ExtensibilityGlobals) = postSolution
		SolutionGuid = {6D5388BA-4B74-492E-9189-1AD821E140D1}
	EndGlobalSection
EndGlobal
